
Microsoft Visual Studio Solution File, Format Version 12.00
# Visual Studio 15
VisualStudioVersion = 15.0.27703.2047
MinimumVisualStudioVersion = 10.0.40219.1
Project("{FAE04EC0-301F-11D3-BF4B-00C04F79EFBC}") = "AspNetVS2017.Capitulo01.Variaveis", "AspNetVS2017.Capitulo01.Variaveis\AspNetVS2017.Capitulo01.Variaveis.csproj", "{9D912660-0E00-43B9-A486-5DE8070107F7}"
EndProject
Project("{FAE04EC0-301F-11D3-BF4B-00C04F79EFBC}") = "AspNetVS2017.Capitulo01.Troco", "AspNetVS2017.Capitulo01.Troco\AspNetVS2017.Capitulo01.Troco.csproj", "{C760A4A0-57E9-4698-9B8B-1CB5FB332C50}"
EndProject
Project("{FAE04EC0-301F-11D3-BF4B-00C04F79EFBC}") = "AspNetVS2017.Capitulo01.Frete", "AspNetVS2017.Capitulo01.Frete\AspNetVS2017.Capitulo01.Frete.csproj", "{4C8CE36F-59DA-4CCE-8549-7F883BF4D03E}"
EndProject
Project("{FAE04EC0-301F-11D3-BF4B-00C04F79EFBC}") = "AspNetVS2017.Capitulo01.Repeticao.Testes", "AspNetVS2017.Capitulo01.Repeticao.Testes\AspNetVS2017.Capitulo01.Repeticao.Testes.csproj", "{64282D92-1894-4399-89BE-47D5E06BBB5E}"
EndProject
Project("{FAE04EC0-301F-11D3-BF4B-00C04F79EFBC}") = "AspNetVS2017.Capitulo01.VetoresColecoes.Teste", "AspNetVS2017.Capitulo01.VetoresColecoes.Teste\AspNetVS2017.Capitulo01.VetoresColecoes.Teste.csproj", "{6A52EA1F-2F12-494E-9FFF-BB221C456992}"
EndProject
Project("{2150E333-8FDC-42A3-9474-1A3956D46DE8}") = "Oficina", "Oficina", "{5398E84D-A79E-463F-AFC5-386FD972707D}"
EndProject
Project("{FAE04EC0-301F-11D3-BF4B-00C04F79EFBC}") = "Oficina.Dominio", "Oficina.Dominio\Oficina.Dominio.csproj", "{27DD3A85-0A8E-4EC6-AE54-9346B32F5155}"
EndProject
Project("{FAE04EC0-301F-11D3-BF4B-00C04F79EFBC}") = "Oficina.Repositorios.SistemaArquivos", "Oficina.Repositorios\Oficina.Repositorios.SistemaArquivos.csproj", "{0389DEFE-224E-43CD-A84A-421DEB064716}"
EndProject
Project("{FAE04EC0-301F-11D3-BF4B-00C04F79EFBC}") = "Oficina.Repositorios.SistemaArquivosTests", "Oficina.Repositorios.SistemaArquivosTests\Oficina.Repositorios.SistemaArquivosTests.csproj", "{5E5B8ED5-2B11-4195-8EF8-2A37210335CA}"
EndProject
Global
	GlobalSection(SolutionConfigurationPlatforms) = preSolution
		Debug|Any CPU = Debug|Any CPU
		Release|Any CPU = Release|Any CPU
	EndGlobalSection
	GlobalSection(ProjectConfigurationPlatforms) = postSolution
		{9D912660-0E00-43B9-A486-5DE8070107F7}.Debug|Any CPU.ActiveCfg = Debug|Any CPU
		{9D912660-0E00-43B9-A486-5DE8070107F7}.Debug|Any CPU.Build.0 = Debug|Any CPU
		{9D912660-0E00-43B9-A486-5DE8070107F7}.Release|Any CPU.ActiveCfg = Release|Any CPU
		{9D912660-0E00-43B9-A486-5DE8070107F7}.Release|Any CPU.Build.0 = Release|Any CPU
		{C760A4A0-57E9-4698-9B8B-1CB5FB332C50}.Debug|Any CPU.ActiveCfg = Debug|Any CPU
		{C760A4A0-57E9-4698-9B8B-1CB5FB332C50}.Debug|Any CPU.Build.0 = Debug|Any CPU
		{C760A4A0-57E9-4698-9B8B-1CB5FB332C50}.Release|Any CPU.ActiveCfg = Release|Any CPU
		{C760A4A0-57E9-4698-9B8B-1CB5FB332C50}.Release|Any CPU.Build.0 = Release|Any CPU
		{4C8CE36F-59DA-4CCE-8549-7F883BF4D03E}.Debug|Any CPU.ActiveCfg = Debug|Any CPU
		{4C8CE36F-59DA-4CCE-8549-7F883BF4D03E}.Debug|Any CPU.Build.0 = Debug|Any CPU
		{4C8CE36F-59DA-4CCE-8549-7F883BF4D03E}.Release|Any CPU.ActiveCfg = Release|Any CPU
		{4C8CE36F-59DA-4CCE-8549-7F883BF4D03E}.Release|Any CPU.Build.0 = Release|Any CPU
		{64282D92-1894-4399-89BE-47D5E06BBB5E}.Debug|Any CPU.ActiveCfg = Debug|Any CPU
		{64282D92-1894-4399-89BE-47D5E06BBB5E}.Debug|Any CPU.Build.0 = Debug|Any CPU
		{64282D92-1894-4399-89BE-47D5E06BBB5E}.Release|Any CPU.ActiveCfg = Release|Any CPU
		{64282D92-1894-4399-89BE-47D5E06BBB5E}.Release|Any CPU.Build.0 = Release|Any CPU
		{6A52EA1F-2F12-494E-9FFF-BB221C456992}.Debug|Any CPU.ActiveCfg = Debug|Any CPU
		{6A52EA1F-2F12-494E-9FFF-BB221C456992}.Debug|Any CPU.Build.0 = Debug|Any CPU
		{6A52EA1F-2F12-494E-9FFF-BB221C456992}.Release|Any CPU.ActiveCfg = Release|Any CPU
		{6A52EA1F-2F12-494E-9FFF-BB221C456992}.Release|Any CPU.Build.0 = Release|Any CPU
		{27DD3A85-0A8E-4EC6-AE54-9346B32F5155}.Debug|Any CPU.ActiveCfg = Debug|Any CPU
		{27DD3A85-0A8E-4EC6-AE54-9346B32F5155}.Debug|Any CPU.Build.0 = Debug|Any CPU
		{27DD3A85-0A8E-4EC6-AE54-9346B32F5155}.Release|Any CPU.ActiveCfg = Release|Any CPU
		{27DD3A85-0A8E-4EC6-AE54-9346B32F5155}.Release|Any CPU.Build.0 = Release|Any CPU
		{0389DEFE-224E-43CD-A84A-421DEB064716}.Debug|Any CPU.ActiveCfg = Debug|Any CPU
		{0389DEFE-224E-43CD-A84A-421DEB064716}.Debug|Any CPU.Build.0 = Debug|Any CPU
		{0389DEFE-224E-43CD-A84A-421DEB064716}.Release|Any CPU.ActiveCfg = Release|Any CPU
		{0389DEFE-224E-43CD-A84A-421DEB064716}.Release|Any CPU.Build.0 = Release|Any CPU
		{5E5B8ED5-2B11-4195-8EF8-2A37210335CA}.Debug|Any CPU.ActiveCfg = Debug|Any CPU
		{5E5B8ED5-2B11-4195-8EF8-2A37210335CA}.Debug|Any CPU.Build.0 = Debug|Any CPU
		{5E5B8ED5-2B11-4195-8EF8-2A37210335CA}.Release|Any CPU.ActiveCfg = Release|Any CPU
		{5E5B8ED5-2B11-4195-8EF8-2A37210335CA}.Release|Any CPU.Build.0 = Release|Any CPU
	EndGlobalSection
	GlobalSection(SolutionProperties) = preSolution
		HideSolutionNode = FALSE
	EndGlobalSection
	GlobalSection(NestedProjects) = preSolution
		{27DD3A85-0A8E-4EC6-AE54-9346B32F5155} = {5398E84D-A79E-463F-AFC5-386FD972707D}
		{0389DEFE-224E-43CD-A84A-421DEB064716} = {5398E84D-A79E-463F-AFC5-386FD972707D}
		{5E5B8ED5-2B11-4195-8EF8-2A37210335CA} = {5398E84D-A79E-463F-AFC5-386FD972707D}
	EndGlobalSection
	GlobalSection(ExtensibilityGlobals) = postSolution
		SolutionGuid = {2B3F803A-F51C-4E84-BF68-C5BDDB15A0D7}
	EndGlobalSection
EndGlobal
