
Microsoft Visual Studio Solution File, Format Version 12.00
# Visual Studio 15
VisualStudioVersion = 15.0.27703.2047
MinimumVisualStudioVersion = 10.0.40219.1
Project("{FAE04EC0-301F-11D3-BF4B-00C04F79EFBC}") = "AspNetVS2017.Capitulo01.Variaveis", "AspNetVS2017.Capitulo01.Variaveis\AspNetVS2017.Capitulo01.Variaveis.csproj", "{9D912660-0E00-43B9-A486-5DE8070107F7}"
EndProject
Project("{FAE04EC0-301F-11D3-BF4B-00C04F79EFBC}") = "AspNetVS2017.Capitulo01.Troco", "AspNetVS2017.Capitulo01.Troco\AspNetVS2017.Capitulo01.Troco.csproj", "{C760A4A0-57E9-4698-9B8B-1CB5FB332C50}"
EndProject
Project("{FAE04EC0-301F-11D3-BF4B-00C04F79EFBC}") = "AspNetVS2017.Capitulo01.Frete", "AspNetVS2017.Capitulo01.Frete\AspNetVS2017.Capitulo01.Frete.csproj", "{4C8CE36F-59DA-4CCE-8549-7F883BF4D03E}"
EndProject
Project("{FAE04EC0-301F-11D3-BF4B-00C04F79EFBC}") = "AspNetVS2017.Capitulo01.Repeticao.Testes", "AspNetVS2017.Capitulo01.Repeticao.Testes\AspNetVS2017.Capitulo01.Repeticao.Testes.csproj", "{64282D92-1894-4399-89BE-47D5E06BBB5E}"
EndProject
Project("{FAE04EC0-301F-11D3-BF4B-00C04F79EFBC}") = "AspNetVS2017.Capitulo01.VetoresColecoes.Teste", "AspNetVS2017.Capitulo01.VetoresColecoes.Teste\AspNetVS2017.Capitulo01.VetoresColecoes.Teste.csproj", "{6A52EA1F-2F12-494E-9FFF-BB221C456992}"
EndProject
Project("{2150E333-8FDC-42A3-9474-1A3956D46DE8}") = "Oficina", "Oficina", "{5398E84D-A79E-463F-AFC5-386FD972707D}"
EndProject
Project("{FAE04EC0-301F-11D3-BF4B-00C04F79EFBC}") = "Oficina.Dominio", "Oficina.Dominio\Oficina.Dominio.csproj", "{27DD3A85-0A8E-4EC6-AE54-9346B32F5155}"
EndProject
Project("{FAE04EC0-301F-11D3-BF4B-00C04F79EFBC}") = "Oficina.Repositorios.SistemaArquivos", "Oficina.Repositorios\Oficina.Repositorios.SistemaArquivos.csproj", "{0389DEFE-224E-43CD-A84A-421DEB064716}"
EndProject
Project("{FAE04EC0-301F-11D3-BF4B-00C04F79EFBC}") = "Oficina.Repositorios.SistemaArquivosTests", "Oficina.Repositorios.SistemaArquivosTests\Oficina.Repositorios.SistemaArquivosTests.csproj", "{5E5B8ED5-2B11-4195-8EF8-2A37210335CA}"
EndProject
Project("{FAE04EC0-301F-11D3-BF4B-00C04F79EFBC}") = "Oficina.WebPages", "Oficina.WebPages\Oficina.WebPages.csproj", "{C4BD52BA-EFF4-4A05-8810-E24BED58E227}"
EndProject
Project("{FAE04EC0-301F-11D3-BF4B-00C04F79EFBC}") = "AspNetVS2017.Capitulo03.Portfolio", "AspNetVS2017.Capitulo03.Portfolio\AspNetVS2017.Capitulo03.Portfolio.csproj", "{48725B9A-0B73-4C30-B172-9C98259D51E2}"
EndProject
Project("{2150E333-8FDC-42A3-9474-1A3956D46DE8}") = "Portfolio", "Portfolio", "{BD93D63D-84FF-4FC0-9CCB-19C92F13D83F}"
EndProject
Project("{00D1A9C2-B5F0-4AF3-8072-F6C62B433612}") = "Portfolio.Database", "Portfolio.Database\Portfolio.Database.sqlproj", "{EA0205BE-19E0-45AB-8DFC-2704340E6580}"
EndProject
Project("{2150E333-8FDC-42A3-9474-1A3956D46DE8}") = "ViagensOnline", "ViagensOnline", "{9B1CB73A-F0FD-4789-8A70-21670BD06127}"
EndProject
Project("{FAE04EC0-301F-11D3-BF4B-00C04F79EFBC}") = "ViagensOnline.Dominio", "ViagensOnline.Dominio\ViagensOnline.Dominio.csproj", "{6AD7674E-3181-4397-A665-21843B56F9EA}"
EndProject
Project("{FAE04EC0-301F-11D3-BF4B-00C04F79EFBC}") = "ViagensOnline.Repositorios.SqlServer", "ViagensOnline.Repositorios.SqlServer\ViagensOnline.Repositorios.SqlServer.csproj", "{2B38D529-C3B6-4F0F-892B-E05313C7CEF8}"
EndProject
Project("{FAE04EC0-301F-11D3-BF4B-00C04F79EFBC}") = "ViagensOnline.Repositorios.SqlServerTests", "ViagensOnline.Repositorios.SqlServerTests\ViagensOnline.Repositorios.SqlServerTests.csproj", "{F68E02F1-DD7B-41B5-AEA5-C5C2BC0CE157}"
EndProject
Project("{FAE04EC0-301F-11D3-BF4B-00C04F79EFBC}") = "ViagensOnline.Mvc", "ViagensOnline.Mvc\ViagensOnline.Mvc.csproj", "{324C4B2D-8F64-4483-A1C0-12224F78C1C5}"
EndProject
Project("{2150E333-8FDC-42A3-9474-1A3956D46DE8}") = "Pessoal", "Pessoal", "{5E45C385-284B-489D-B323-F9C38B942B4B}"
EndProject
Project("{FAE04EC0-301F-11D3-BF4B-00C04F79EFBC}") = "Pessoal.Dominio", "Pessoal.Dominio\Pessoal.Dominio.csproj", "{F173D5AA-8CF4-4857-B17D-FBF2FC3055B8}"
EndProject
Project("{FAE04EC0-301F-11D3-BF4B-00C04F79EFBC}") = "Pessoal.Repositorio.SqlServer", "Pessoal.Repositorio.SqlServer\Pessoal.Repositorio.SqlServer.csproj", "{FB273D89-1BE8-4A7F-A4FB-A48BCC3B27B1}"
EndProject
Project("{FAE04EC0-301F-11D3-BF4B-00C04F79EFBC}") = "Pessoal.Repositorio.SqlServerTests", "Pessoal.Repositorio.SqlServerTests\Pessoal.Repositorio.SqlServerTests.csproj", "{F52D2B78-70C5-485F-B71D-FFC5A03879F8}"
EndProject
Project("{00D1A9C2-B5F0-4AF3-8072-F6C62B433612}") = "Pessoal.Database", "Pessoal.Database\Pessoal.Database.sqlproj", "{0837F39C-9FB2-4389-A567-0A4AE59EBF1D}"
EndProject
Project("{FAE04EC0-301F-11D3-BF4B-00C04F79EFBC}") = "Pessoal.WebForms", "Pessoal.WebForms\Pessoal.WebForms.csproj", "{B16805D5-F4FC-420A-9174-CB505871C411}"
EndProject
Project("{FAE04EC0-301F-11D3-BF4B-00C04F79EFBC}") = "AspNetVS2017.Capitulo08.EF.ModelFirst", "AspNetVS2017.Capitulo08.EF.ModelFirst\AspNetVS2017.Capitulo08.EF.ModelFirst.csproj", "{6CD565C0-0615-408D-B91C-37745B4756E7}"
EndProject
Project("{2150E333-8FDC-42A3-9474-1A3956D46DE8}") = "Northwind", "Northwind", "{76129560-522A-4DBC-B764-C6A533F7FCCE}"
EndProject
Project("{FAE04EC0-301F-11D3-BF4B-00C04F79EFBC}") = "Northwind.Repositorios.SqlServer", "Northwind.Repositorios.SqlServer\Northwind.Repositorios.SqlServer.csproj", "{181D59B6-4D56-4095-A8D0-7F9366DDC93A}"
EndProject
Project("{2150E333-8FDC-42A3-9474-1A3956D46DE8}") = "Loja", "Loja", "{7949766B-2583-4E56-B24B-8809477464A3}"
EndProject
Project("{FAE04EC0-301F-11D3-BF4B-00C04F79EFBC}") = "Loja.Dominio", "Loja.Dominio\Loja.Dominio.csproj", "{045D8BD6-97B5-44AD-B054-BCAD39385450}"
EndProject
Project("{FAE04EC0-301F-11D3-BF4B-00C04F79EFBC}") = "Loja.Repositorio.SqlServer", "Loja.Repositorio.SqlServer\Loja.Repositorio.SqlServer.csproj", "{B0C9004A-8A23-4403-980E-187F616C94DA}"
EndProject
Project("{FAE04EC0-301F-11D3-BF4B-00C04F79EFBC}") = "Loja.Repositorio.SqlServerTests", "Loja.Repositorio.SqlServerTests\Loja.Repositorio.SqlServerTests.csproj", "{D2FEE750-F38D-4B5A-9681-A0D75A955F5B}"
EndProject
Project("{FAE04EC0-301F-11D3-BF4B-00C04F79EFBC}") = "Loja.Mvc", "Loja.Mvc\Loja.Mvc.csproj", "{19E71035-035B-4F81-9737-2AEEC5391114}"
EndProject
Project("{FAE04EC0-301F-11D3-BF4B-00C04F79EFBC}") = "Northwind.WebApi", "Northwind.WebApi\Northwind.WebApi.csproj", "{15306698-5F24-4FFF-96A9-09CD73D2FBD3}"
EndProject
Project("{FAE04EC0-301F-11D3-BF4B-00C04F79EFBC}") = "Notthwind.Html", "Notthwind.Html\Notthwind.Html.csproj", "{03F4E68D-6F6F-409F-AA0E-981201458C8F}"
EndProject
Global
	GlobalSection(SolutionConfigurationPlatforms) = preSolution
		Debug|Any CPU = Debug|Any CPU
		Release|Any CPU = Release|Any CPU
	EndGlobalSection
	GlobalSection(ProjectConfigurationPlatforms) = postSolution
		{9D912660-0E00-43B9-A486-5DE8070107F7}.Debug|Any CPU.ActiveCfg = Debug|Any CPU
		{9D912660-0E00-43B9-A486-5DE8070107F7}.Debug|Any CPU.Build.0 = Debug|Any CPU
		{9D912660-0E00-43B9-A486-5DE8070107F7}.Release|Any CPU.ActiveCfg = Release|Any CPU
		{9D912660-0E00-43B9-A486-5DE8070107F7}.Release|Any CPU.Build.0 = Release|Any CPU
		{C760A4A0-57E9-4698-9B8B-1CB5FB332C50}.Debug|Any CPU.ActiveCfg = Debug|Any CPU
		{C760A4A0-57E9-4698-9B8B-1CB5FB332C50}.Debug|Any CPU.Build.0 = Debug|Any CPU
		{C760A4A0-57E9-4698-9B8B-1CB5FB332C50}.Release|Any CPU.ActiveCfg = Release|Any CPU
		{C760A4A0-57E9-4698-9B8B-1CB5FB332C50}.Release|Any CPU.Build.0 = Release|Any CPU
		{4C8CE36F-59DA-4CCE-8549-7F883BF4D03E}.Debug|Any CPU.ActiveCfg = Debug|Any CPU
		{4C8CE36F-59DA-4CCE-8549-7F883BF4D03E}.Debug|Any CPU.Build.0 = Debug|Any CPU
		{4C8CE36F-59DA-4CCE-8549-7F883BF4D03E}.Release|Any CPU.ActiveCfg = Release|Any CPU
		{4C8CE36F-59DA-4CCE-8549-7F883BF4D03E}.Release|Any CPU.Build.0 = Release|Any CPU
		{64282D92-1894-4399-89BE-47D5E06BBB5E}.Debug|Any CPU.ActiveCfg = Debug|Any CPU
		{64282D92-1894-4399-89BE-47D5E06BBB5E}.Debug|Any CPU.Build.0 = Debug|Any CPU
		{64282D92-1894-4399-89BE-47D5E06BBB5E}.Release|Any CPU.ActiveCfg = Release|Any CPU
		{64282D92-1894-4399-89BE-47D5E06BBB5E}.Release|Any CPU.Build.0 = Release|Any CPU
		{6A52EA1F-2F12-494E-9FFF-BB221C456992}.Debug|Any CPU.ActiveCfg = Debug|Any CPU
		{6A52EA1F-2F12-494E-9FFF-BB221C456992}.Debug|Any CPU.Build.0 = Debug|Any CPU
		{6A52EA1F-2F12-494E-9FFF-BB221C456992}.Release|Any CPU.ActiveCfg = Release|Any CPU
		{6A52EA1F-2F12-494E-9FFF-BB221C456992}.Release|Any CPU.Build.0 = Release|Any CPU
		{27DD3A85-0A8E-4EC6-AE54-9346B32F5155}.Debug|Any CPU.ActiveCfg = Debug|Any CPU
		{27DD3A85-0A8E-4EC6-AE54-9346B32F5155}.Debug|Any CPU.Build.0 = Debug|Any CPU
		{27DD3A85-0A8E-4EC6-AE54-9346B32F5155}.Release|Any CPU.ActiveCfg = Release|Any CPU
		{27DD3A85-0A8E-4EC6-AE54-9346B32F5155}.Release|Any CPU.Build.0 = Release|Any CPU
		{0389DEFE-224E-43CD-A84A-421DEB064716}.Debug|Any CPU.ActiveCfg = Debug|Any CPU
		{0389DEFE-224E-43CD-A84A-421DEB064716}.Debug|Any CPU.Build.0 = Debug|Any CPU
		{0389DEFE-224E-43CD-A84A-421DEB064716}.Release|Any CPU.ActiveCfg = Release|Any CPU
		{0389DEFE-224E-43CD-A84A-421DEB064716}.Release|Any CPU.Build.0 = Release|Any CPU
		{5E5B8ED5-2B11-4195-8EF8-2A37210335CA}.Debug|Any CPU.ActiveCfg = Debug|Any CPU
		{5E5B8ED5-2B11-4195-8EF8-2A37210335CA}.Debug|Any CPU.Build.0 = Debug|Any CPU
		{5E5B8ED5-2B11-4195-8EF8-2A37210335CA}.Release|Any CPU.ActiveCfg = Release|Any CPU
		{5E5B8ED5-2B11-4195-8EF8-2A37210335CA}.Release|Any CPU.Build.0 = Release|Any CPU
		{C4BD52BA-EFF4-4A05-8810-E24BED58E227}.Debug|Any CPU.ActiveCfg = Debug|Any CPU
		{C4BD52BA-EFF4-4A05-8810-E24BED58E227}.Debug|Any CPU.Build.0 = Debug|Any CPU
		{C4BD52BA-EFF4-4A05-8810-E24BED58E227}.Release|Any CPU.ActiveCfg = Release|Any CPU
		{C4BD52BA-EFF4-4A05-8810-E24BED58E227}.Release|Any CPU.Build.0 = Release|Any CPU
		{48725B9A-0B73-4C30-B172-9C98259D51E2}.Debug|Any CPU.ActiveCfg = Debug|Any CPU
		{48725B9A-0B73-4C30-B172-9C98259D51E2}.Debug|Any CPU.Build.0 = Debug|Any CPU
		{48725B9A-0B73-4C30-B172-9C98259D51E2}.Release|Any CPU.ActiveCfg = Release|Any CPU
		{48725B9A-0B73-4C30-B172-9C98259D51E2}.Release|Any CPU.Build.0 = Release|Any CPU
		{EA0205BE-19E0-45AB-8DFC-2704340E6580}.Debug|Any CPU.ActiveCfg = Debug|Any CPU
		{EA0205BE-19E0-45AB-8DFC-2704340E6580}.Debug|Any CPU.Build.0 = Debug|Any CPU
		{EA0205BE-19E0-45AB-8DFC-2704340E6580}.Debug|Any CPU.Deploy.0 = Debug|Any CPU
		{EA0205BE-19E0-45AB-8DFC-2704340E6580}.Release|Any CPU.ActiveCfg = Release|Any CPU
		{EA0205BE-19E0-45AB-8DFC-2704340E6580}.Release|Any CPU.Build.0 = Release|Any CPU
		{EA0205BE-19E0-45AB-8DFC-2704340E6580}.Release|Any CPU.Deploy.0 = Release|Any CPU
		{6AD7674E-3181-4397-A665-21843B56F9EA}.Debug|Any CPU.ActiveCfg = Debug|Any CPU
		{6AD7674E-3181-4397-A665-21843B56F9EA}.Debug|Any CPU.Build.0 = Debug|Any CPU
		{6AD7674E-3181-4397-A665-21843B56F9EA}.Release|Any CPU.ActiveCfg = Release|Any CPU
		{6AD7674E-3181-4397-A665-21843B56F9EA}.Release|Any CPU.Build.0 = Release|Any CPU
		{2B38D529-C3B6-4F0F-892B-E05313C7CEF8}.Debug|Any CPU.ActiveCfg = Debug|Any CPU
		{2B38D529-C3B6-4F0F-892B-E05313C7CEF8}.Debug|Any CPU.Build.0 = Debug|Any CPU
		{2B38D529-C3B6-4F0F-892B-E05313C7CEF8}.Release|Any CPU.ActiveCfg = Release|Any CPU
		{2B38D529-C3B6-4F0F-892B-E05313C7CEF8}.Release|Any CPU.Build.0 = Release|Any CPU
		{F68E02F1-DD7B-41B5-AEA5-C5C2BC0CE157}.Debug|Any CPU.ActiveCfg = Debug|Any CPU
		{F68E02F1-DD7B-41B5-AEA5-C5C2BC0CE157}.Debug|Any CPU.Build.0 = Debug|Any CPU
		{F68E02F1-DD7B-41B5-AEA5-C5C2BC0CE157}.Release|Any CPU.ActiveCfg = Release|Any CPU
		{F68E02F1-DD7B-41B5-AEA5-C5C2BC0CE157}.Release|Any CPU.Build.0 = Release|Any CPU
		{324C4B2D-8F64-4483-A1C0-12224F78C1C5}.Debug|Any CPU.ActiveCfg = Debug|Any CPU
		{324C4B2D-8F64-4483-A1C0-12224F78C1C5}.Debug|Any CPU.Build.0 = Debug|Any CPU
		{324C4B2D-8F64-4483-A1C0-12224F78C1C5}.Release|Any CPU.ActiveCfg = Release|Any CPU
		{324C4B2D-8F64-4483-A1C0-12224F78C1C5}.Release|Any CPU.Build.0 = Release|Any CPU
		{F173D5AA-8CF4-4857-B17D-FBF2FC3055B8}.Debug|Any CPU.ActiveCfg = Debug|Any CPU
		{F173D5AA-8CF4-4857-B17D-FBF2FC3055B8}.Debug|Any CPU.Build.0 = Debug|Any CPU
		{F173D5AA-8CF4-4857-B17D-FBF2FC3055B8}.Release|Any CPU.ActiveCfg = Release|Any CPU
		{F173D5AA-8CF4-4857-B17D-FBF2FC3055B8}.Release|Any CPU.Build.0 = Release|Any CPU
		{FB273D89-1BE8-4A7F-A4FB-A48BCC3B27B1}.Debug|Any CPU.ActiveCfg = Debug|Any CPU
		{FB273D89-1BE8-4A7F-A4FB-A48BCC3B27B1}.Debug|Any CPU.Build.0 = Debug|Any CPU
		{FB273D89-1BE8-4A7F-A4FB-A48BCC3B27B1}.Release|Any CPU.ActiveCfg = Release|Any CPU
		{FB273D89-1BE8-4A7F-A4FB-A48BCC3B27B1}.Release|Any CPU.Build.0 = Release|Any CPU
		{F52D2B78-70C5-485F-B71D-FFC5A03879F8}.Debug|Any CPU.ActiveCfg = Debug|Any CPU
		{F52D2B78-70C5-485F-B71D-FFC5A03879F8}.Debug|Any CPU.Build.0 = Debug|Any CPU
		{F52D2B78-70C5-485F-B71D-FFC5A03879F8}.Release|Any CPU.ActiveCfg = Release|Any CPU
		{F52D2B78-70C5-485F-B71D-FFC5A03879F8}.Release|Any CPU.Build.0 = Release|Any CPU
		{0837F39C-9FB2-4389-A567-0A4AE59EBF1D}.Debug|Any CPU.ActiveCfg = Debug|Any CPU
		{0837F39C-9FB2-4389-A567-0A4AE59EBF1D}.Debug|Any CPU.Build.0 = Debug|Any CPU
		{0837F39C-9FB2-4389-A567-0A4AE59EBF1D}.Debug|Any CPU.Deploy.0 = Debug|Any CPU
		{0837F39C-9FB2-4389-A567-0A4AE59EBF1D}.Release|Any CPU.ActiveCfg = Release|Any CPU
		{0837F39C-9FB2-4389-A567-0A4AE59EBF1D}.Release|Any CPU.Build.0 = Release|Any CPU
		{0837F39C-9FB2-4389-A567-0A4AE59EBF1D}.Release|Any CPU.Deploy.0 = Release|Any CPU
		{B16805D5-F4FC-420A-9174-CB505871C411}.Debug|Any CPU.ActiveCfg = Debug|Any CPU
		{B16805D5-F4FC-420A-9174-CB505871C411}.Debug|Any CPU.Build.0 = Debug|Any CPU
		{B16805D5-F4FC-420A-9174-CB505871C411}.Release|Any CPU.ActiveCfg = Release|Any CPU
		{B16805D5-F4FC-420A-9174-CB505871C411}.Release|Any CPU.Build.0 = Release|Any CPU
		{6CD565C0-0615-408D-B91C-37745B4756E7}.Debug|Any CPU.ActiveCfg = Debug|Any CPU
		{6CD565C0-0615-408D-B91C-37745B4756E7}.Debug|Any CPU.Build.0 = Debug|Any CPU
		{6CD565C0-0615-408D-B91C-37745B4756E7}.Release|Any CPU.ActiveCfg = Release|Any CPU
		{6CD565C0-0615-408D-B91C-37745B4756E7}.Release|Any CPU.Build.0 = Release|Any CPU
		{181D59B6-4D56-4095-A8D0-7F9366DDC93A}.Debug|Any CPU.ActiveCfg = Debug|Any CPU
		{181D59B6-4D56-4095-A8D0-7F9366DDC93A}.Debug|Any CPU.Build.0 = Debug|Any CPU
		{181D59B6-4D56-4095-A8D0-7F9366DDC93A}.Release|Any CPU.ActiveCfg = Release|Any CPU
		{181D59B6-4D56-4095-A8D0-7F9366DDC93A}.Release|Any CPU.Build.0 = Release|Any CPU
		{045D8BD6-97B5-44AD-B054-BCAD39385450}.Debug|Any CPU.ActiveCfg = Debug|Any CPU
		{045D8BD6-97B5-44AD-B054-BCAD39385450}.Debug|Any CPU.Build.0 = Debug|Any CPU
		{045D8BD6-97B5-44AD-B054-BCAD39385450}.Release|Any CPU.ActiveCfg = Release|Any CPU
		{045D8BD6-97B5-44AD-B054-BCAD39385450}.Release|Any CPU.Build.0 = Release|Any CPU
		{B0C9004A-8A23-4403-980E-187F616C94DA}.Debug|Any CPU.ActiveCfg = Debug|Any CPU
		{B0C9004A-8A23-4403-980E-187F616C94DA}.Debug|Any CPU.Build.0 = Debug|Any CPU
		{B0C9004A-8A23-4403-980E-187F616C94DA}.Release|Any CPU.ActiveCfg = Release|Any CPU
		{B0C9004A-8A23-4403-980E-187F616C94DA}.Release|Any CPU.Build.0 = Release|Any CPU
		{D2FEE750-F38D-4B5A-9681-A0D75A955F5B}.Debug|Any CPU.ActiveCfg = Debug|Any CPU
		{D2FEE750-F38D-4B5A-9681-A0D75A955F5B}.Debug|Any CPU.Build.0 = Debug|Any CPU
		{D2FEE750-F38D-4B5A-9681-A0D75A955F5B}.Release|Any CPU.ActiveCfg = Release|Any CPU
		{D2FEE750-F38D-4B5A-9681-A0D75A955F5B}.Release|Any CPU.Build.0 = Release|Any CPU
		{19E71035-035B-4F81-9737-2AEEC5391114}.Debug|Any CPU.ActiveCfg = Debug|Any CPU
		{19E71035-035B-4F81-9737-2AEEC5391114}.Debug|Any CPU.Build.0 = Debug|Any CPU
		{19E71035-035B-4F81-9737-2AEEC5391114}.Release|Any CPU.ActiveCfg = Release|Any CPU
		{19E71035-035B-4F81-9737-2AEEC5391114}.Release|Any CPU.Build.0 = Release|Any CPU
		{15306698-5F24-4FFF-96A9-09CD73D2FBD3}.Debug|Any CPU.ActiveCfg = Debug|Any CPU
		{15306698-5F24-4FFF-96A9-09CD73D2FBD3}.Debug|Any CPU.Build.0 = Debug|Any CPU
		{15306698-5F24-4FFF-96A9-09CD73D2FBD3}.Release|Any CPU.ActiveCfg = Release|Any CPU
		{15306698-5F24-4FFF-96A9-09CD73D2FBD3}.Release|Any CPU.Build.0 = Release|Any CPU
		{03F4E68D-6F6F-409F-AA0E-981201458C8F}.Debug|Any CPU.ActiveCfg = Debug|Any CPU
		{03F4E68D-6F6F-409F-AA0E-981201458C8F}.Debug|Any CPU.Build.0 = Debug|Any CPU
		{03F4E68D-6F6F-409F-AA0E-981201458C8F}.Release|Any CPU.ActiveCfg = Release|Any CPU
		{03F4E68D-6F6F-409F-AA0E-981201458C8F}.Release|Any CPU.Build.0 = Release|Any CPU
	EndGlobalSection
	GlobalSection(SolutionProperties) = preSolution
		HideSolutionNode = FALSE
	EndGlobalSection
	GlobalSection(NestedProjects) = preSolution
		{27DD3A85-0A8E-4EC6-AE54-9346B32F5155} = {5398E84D-A79E-463F-AFC5-386FD972707D}
		{0389DEFE-224E-43CD-A84A-421DEB064716} = {5398E84D-A79E-463F-AFC5-386FD972707D}
		{5E5B8ED5-2B11-4195-8EF8-2A37210335CA} = {5398E84D-A79E-463F-AFC5-386FD972707D}
		{C4BD52BA-EFF4-4A05-8810-E24BED58E227} = {5398E84D-A79E-463F-AFC5-386FD972707D}
		{48725B9A-0B73-4C30-B172-9C98259D51E2} = {BD93D63D-84FF-4FC0-9CCB-19C92F13D83F}
		{EA0205BE-19E0-45AB-8DFC-2704340E6580} = {BD93D63D-84FF-4FC0-9CCB-19C92F13D83F}
		{6AD7674E-3181-4397-A665-21843B56F9EA} = {9B1CB73A-F0FD-4789-8A70-21670BD06127}
		{2B38D529-C3B6-4F0F-892B-E05313C7CEF8} = {9B1CB73A-F0FD-4789-8A70-21670BD06127}
		{F68E02F1-DD7B-41B5-AEA5-C5C2BC0CE157} = {9B1CB73A-F0FD-4789-8A70-21670BD06127}
		{324C4B2D-8F64-4483-A1C0-12224F78C1C5} = {9B1CB73A-F0FD-4789-8A70-21670BD06127}
		{F173D5AA-8CF4-4857-B17D-FBF2FC3055B8} = {5E45C385-284B-489D-B323-F9C38B942B4B}
		{FB273D89-1BE8-4A7F-A4FB-A48BCC3B27B1} = {5E45C385-284B-489D-B323-F9C38B942B4B}
		{F52D2B78-70C5-485F-B71D-FFC5A03879F8} = {5E45C385-284B-489D-B323-F9C38B942B4B}
		{0837F39C-9FB2-4389-A567-0A4AE59EBF1D} = {5E45C385-284B-489D-B323-F9C38B942B4B}
		{B16805D5-F4FC-420A-9174-CB505871C411} = {5E45C385-284B-489D-B323-F9C38B942B4B}
		{181D59B6-4D56-4095-A8D0-7F9366DDC93A} = {76129560-522A-4DBC-B764-C6A533F7FCCE}
		{045D8BD6-97B5-44AD-B054-BCAD39385450} = {7949766B-2583-4E56-B24B-8809477464A3}
		{B0C9004A-8A23-4403-980E-187F616C94DA} = {7949766B-2583-4E56-B24B-8809477464A3}
		{D2FEE750-F38D-4B5A-9681-A0D75A955F5B} = {7949766B-2583-4E56-B24B-8809477464A3}
		{19E71035-035B-4F81-9737-2AEEC5391114} = {7949766B-2583-4E56-B24B-8809477464A3}
		{15306698-5F24-4FFF-96A9-09CD73D2FBD3} = {76129560-522A-4DBC-B764-C6A533F7FCCE}
		{03F4E68D-6F6F-409F-AA0E-981201458C8F} = {76129560-522A-4DBC-B764-C6A533F7FCCE}
	EndGlobalSection
	GlobalSection(ExtensibilityGlobals) = postSolution
		SolutionGuid = {2B3F803A-F51C-4E84-BF68-C5BDDB15A0D7}
	EndGlobalSection
EndGlobal
